// !$*UTF8*$!
{
	archiveVersion = 1;
	classes = {
	};
	objectVersion = 48;
	objects = {

/* Begin PBXBuildFile section */
		571E86901FD3BB7600457470 /* AppDelegate.swift in Sources */ = {isa = PBXBuildFile; fileRef = 571E868F1FD3BB7600457470 /* AppDelegate.swift */; };
		571E86921FD3BB7600457470 /* ViewController.swift in Sources */ = {isa = PBXBuildFile; fileRef = 571E86911FD3BB7600457470 /* ViewController.swift */; };
		571E86951FD3BB7600457470 /* Main.storyboard in Resources */ = {isa = PBXBuildFile; fileRef = 571E86931FD3BB7600457470 /* Main.storyboard */; };
		571E86971FD3BB7600457470 /* Assets.xcassets in Resources */ = {isa = PBXBuildFile; fileRef = 571E86961FD3BB7600457470 /* Assets.xcassets */; };
		571E869A1FD3BB7600457470 /* LaunchScreen.storyboard in Resources */ = {isa = PBXBuildFile; fileRef = 571E86981FD3BB7600457470 /* LaunchScreen.storyboard */; };
		571E86A51FD3BB7600457470 /* CameraTests.swift in Sources */ = {isa = PBXBuildFile; fileRef = 571E86A41FD3BB7600457470 /* CameraTests.swift */; };
		571E86B01FD3BB7600457470 /* CameraUITests.swift in Sources */ = {isa = PBXBuildFile; fileRef = 571E86AF1FD3BB7600457470 /* CameraUITests.swift */; };
/* End PBXBuildFile section */

/* Begin PBXContainerItemProxy section */
		571E86A11FD3BB7600457470 /* PBXContainerItemProxy */ = {
			isa = PBXContainerItemProxy;
			containerPortal = 571E86841FD3BB7600457470 /* Project object */;
			proxyType = 1;
			remoteGlobalIDString = 571E868B1FD3BB7600457470;
			remoteInfo = Camera;
		};
		571E86AC1FD3BB7600457470 /* PBXContainerItemProxy */ = {
			isa = PBXContainerItemProxy;
			containerPortal = 571E86841FD3BB7600457470 /* Project object */;
			proxyType = 1;
			remoteGlobalIDString = 571E868B1FD3BB7600457470;
			remoteInfo = Camera;
		};
/* End PBXContainerItemProxy section */

/* Begin PBXFileReference section */
		571E868C1FD3BB7600457470 /* Camera.app */ = {isa = PBXFileReference; explicitFileType = wrapper.application; includeInIndex = 0; path = Camera.app; sourceTree = BUILT_PRODUCTS_DIR; };
		571E868F1FD3BB7600457470 /* AppDelegate.swift */ = {isa = PBXFileReference; lastKnownFileType = sourcecode.swift; path = AppDelegate.swift; sourceTree = "<group>"; };
		571E86911FD3BB7600457470 /* ViewController.swift */ = {isa = PBXFileReference; lastKnownFileType = sourcecode.swift; path = ViewController.swift; sourceTree = "<group>"; };
		571E86941FD3BB7600457470 /* Base */ = {isa = PBXFileReference; lastKnownFileType = file.storyboard; name = Base; path = Base.lproj/Main.storyboard; sourceTree = "<group>"; };
		571E86961FD3BB7600457470 /* Assets.xcassets */ = {isa = PBXFileReference; lastKnownFileType = folder.assetcatalog; path = Assets.xcassets; sourceTree = "<group>"; };
		571E86991FD3BB7600457470 /* Base */ = {isa = PBXFileReference; lastKnownFileType = file.storyboard; name = Base; path = Base.lproj/LaunchScreen.storyboard; sourceTree = "<group>"; };
		571E869B1FD3BB7600457470 /* Info.plist */ = {isa = PBXFileReference; lastKnownFileType = text.plist.xml; path = Info.plist; sourceTree = "<group>"; };
		571E86A01FD3BB7600457470 /* CameraTests.xctest */ = {isa = PBXFileReference; explicitFileType = wrapper.cfbundle; includeInIndex = 0; path = CameraTests.xctest; sourceTree = BUILT_PRODUCTS_DIR; };
		571E86A41FD3BB7600457470 /* CameraTests.swift */ = {isa = PBXFileReference; lastKnownFileType = sourcecode.swift; path = CameraTests.swift; sourceTree = "<group>"; };
		571E86A61FD3BB7600457470 /* Info.plist */ = {isa = PBXFileReference; lastKnownFileType = text.plist.xml; path = Info.plist; sourceTree = "<group>"; };
		571E86AB1FD3BB7600457470 /* CameraUITests.xctest */ = {isa = PBXFileReference; explicitFileType = wrapper.cfbundle; includeInIndex = 0; path = CameraUITests.xctest; sourceTree = BUILT_PRODUCTS_DIR; };
		571E86AF1FD3BB7600457470 /* CameraUITests.swift */ = {isa = PBXFileReference; lastKnownFileType = sourcecode.swift; path = CameraUITests.swift; sourceTree = "<group>"; };
		571E86B11FD3BB7600457470 /* Info.plist */ = {isa = PBXFileReference; lastKnownFileType = text.plist.xml; path = Info.plist; sourceTree = "<group>"; };
/* End PBXFileReference section */

/* Begin PBXFrameworksBuildPhase section */
		571E86891FD3BB7600457470 /* Frameworks */ = {
			isa = PBXFrameworksBuildPhase;
			buildActionMask = 2147483647;
			files = (
			);
			runOnlyForDeploymentPostprocessing = 0;
		};
		571E869D1FD3BB7600457470 /* Frameworks */ = {
			isa = PBXFrameworksBuildPhase;
			buildActionMask = 2147483647;
			files = (
			);
			runOnlyForDeploymentPostprocessing = 0;
		};
		571E86A81FD3BB7600457470 /* Frameworks */ = {
			isa = PBXFrameworksBuildPhase;
			buildActionMask = 2147483647;
			files = (
			);
			runOnlyForDeploymentPostprocessing = 0;
		};
/* End PBXFrameworksBuildPhase section */

/* Begin PBXGroup section */
		571E86831FD3BB7600457470 = {
			isa = PBXGroup;
			children = (
				571E868E1FD3BB7600457470 /* Camera */,
				571E86A31FD3BB7600457470 /* CameraTests */,
				571E86AE1FD3BB7600457470 /* CameraUITests */,
				571E868D1FD3BB7600457470 /* Products */,
			);
			sourceTree = "<group>";
		};
		571E868D1FD3BB7600457470 /* Products */ = {
			isa = PBXGroup;
			children = (
				571E868C1FD3BB7600457470 /* Camera.app */,
				571E86A01FD3BB7600457470 /* CameraTests.xctest */,
				571E86AB1FD3BB7600457470 /* CameraUITests.xctest */,
			);
			name = Products;
			sourceTree = "<group>";
		};
		571E868E1FD3BB7600457470 /* Camera */ = {
			isa = PBXGroup;
			children = (
				571E868F1FD3BB7600457470 /* AppDelegate.swift */,
				571E86911FD3BB7600457470 /* ViewController.swift */,
				571E86931FD3BB7600457470 /* Main.storyboard */,
				571E86961FD3BB7600457470 /* Assets.xcassets */,
				571E86981FD3BB7600457470 /* LaunchScreen.storyboard */,
				571E869B1FD3BB7600457470 /* Info.plist */,
			);
			path = Camera;
			sourceTree = "<group>";
		};
		571E86A31FD3BB7600457470 /* CameraTests */ = {
			isa = PBXGroup;
			children = (
				571E86A41FD3BB7600457470 /* CameraTests.swift */,
				571E86A61FD3BB7600457470 /* Info.plist */,
			);
			path = CameraTests;
			sourceTree = "<group>";
		};
		571E86AE1FD3BB7600457470 /* CameraUITests */ = {
			isa = PBXGroup;
			children = (
				571E86AF1FD3BB7600457470 /* CameraUITests.swift */,
				571E86B11FD3BB7600457470 /* Info.plist */,
			);
			path = CameraUITests;
			sourceTree = "<group>";
		};
/* End PBXGroup section */

/* Begin PBXNativeTarget section */
		571E868B1FD3BB7600457470 /* Camera */ = {
			isa = PBXNativeTarget;
			buildConfigurationList = 571E86B41FD3BB7600457470 /* Build configuration list for PBXNativeTarget "Camera" */;
			buildPhases = (
				571E86881FD3BB7600457470 /* Sources */,
				571E86891FD3BB7600457470 /* Frameworks */,
				571E868A1FD3BB7600457470 /* Resources */,
			);
			buildRules = (
			);
			dependencies = (
			);
			name = Camera;
			productName = Camera;
			productReference = 571E868C1FD3BB7600457470 /* Camera.app */;
			productType = "com.apple.product-type.application";
		};
		571E869F1FD3BB7600457470 /* CameraTests */ = {
			isa = PBXNativeTarget;
			buildConfigurationList = 571E86B71FD3BB7600457470 /* Build configuration list for PBXNativeTarget "CameraTests" */;
			buildPhases = (
				571E869C1FD3BB7600457470 /* Sources */,
				571E869D1FD3BB7600457470 /* Frameworks */,
				571E869E1FD3BB7600457470 /* Resources */,
			);
			buildRules = (
			);
			dependencies = (
				571E86A21FD3BB7600457470 /* PBXTargetDependency */,
			);
			name = CameraTests;
			productName = CameraTests;
			productReference = 571E86A01FD3BB7600457470 /* CameraTests.xctest */;
			productType = "com.apple.product-type.bundle.unit-test";
		};
		571E86AA1FD3BB7600457470 /* CameraUITests */ = {
			isa = PBXNativeTarget;
			buildConfigurationList = 571E86BA1FD3BB7600457470 /* Build configuration list for PBXNativeTarget "CameraUITests" */;
			buildPhases = (
				571E86A71FD3BB7600457470 /* Sources */,
				571E86A81FD3BB7600457470 /* Frameworks */,
				571E86A91FD3BB7600457470 /* Resources */,
			);
			buildRules = (
			);
			dependencies = (
				571E86AD1FD3BB7600457470 /* PBXTargetDependency */,
			);
			name = CameraUITests;
			productName = CameraUITests;
			productReference = 571E86AB1FD3BB7600457470 /* CameraUITests.xctest */;
			productType = "com.apple.product-type.bundle.ui-testing";
		};
/* End PBXNativeTarget section */

/* Begin PBXProject section */
		571E86841FD3BB7600457470 /* Project object */ = {
			isa = PBXProject;
			attributes = {
				LastSwiftUpdateCheck = 0920;
				LastUpgradeCheck = 0920;
				ORGANIZATIONNAME = "Никита Аплин";
				TargetAttributes = {
					571E868B1FD3BB7600457470 = {
						CreatedOnToolsVersion = 9.2;
						ProvisioningStyle = Automatic;
					};
					571E869F1FD3BB7600457470 = {
						CreatedOnToolsVersion = 9.2;
						ProvisioningStyle = Automatic;
						TestTargetID = 571E868B1FD3BB7600457470;
					};
					571E86AA1FD3BB7600457470 = {
						CreatedOnToolsVersion = 9.2;
						ProvisioningStyle = Automatic;
						TestTargetID = 571E868B1FD3BB7600457470;
					};
				};
			};
			buildConfigurationList = 571E86871FD3BB7600457470 /* Build configuration list for PBXProject "Camera" */;
			compatibilityVersion = "Xcode 8.0";
			developmentRegion = en;
			hasScannedForEncodings = 0;
			knownRegions = (
				en,
				Base,
			);
			mainGroup = 571E86831FD3BB7600457470;
			productRefGroup = 571E868D1FD3BB7600457470 /* Products */;
			projectDirPath = "";
			projectRoot = "";
			targets = (
				571E868B1FD3BB7600457470 /* Camera */,
				571E869F1FD3BB7600457470 /* CameraTests */,
				571E86AA1FD3BB7600457470 /* CameraUITests */,
			);
		};
/* End PBXProject section */

/* Begin PBXResourcesBuildPhase section */
		571E868A1FD3BB7600457470 /* Resources */ = {
			isa = PBXResourcesBuildPhase;
			buildActionMask = 2147483647;
			files = (
				571E869A1FD3BB7600457470 /* LaunchScreen.storyboard in Resources */,
				571E86971FD3BB7600457470 /* Assets.xcassets in Resources */,
				571E86951FD3BB7600457470 /* Main.storyboard in Resources */,
			);
			runOnlyForDeploymentPostprocessing = 0;
		};
		571E869E1FD3BB7600457470 /* Resources */ = {
			isa = PBXResourcesBuildPhase;
			buildActionMask = 2147483647;
			files = (
			);
			runOnlyForDeploymentPostprocessing = 0;
		};
		571E86A91FD3BB7600457470 /* Resources */ = {
			isa = PBXResourcesBuildPhase;
			buildActionMask = 2147483647;
			files = (
			);
			runOnlyForDeploymentPostprocessing = 0;
		};
/* End PBXResourcesBuildPhase section */

/* Begin PBXSourcesBuildPhase section */
		571E86881FD3BB7600457470 /* Sources */ = {
			isa = PBXSourcesBuildPhase;
			buildActionMask = 2147483647;
			files = (
				571E86921FD3BB7600457470 /* ViewController.swift in Sources */,
				571E86901FD3BB7600457470 /* AppDelegate.swift in Sources */,
			);
			runOnlyForDeploymentPostprocessing = 0;
		};
		571E869C1FD3BB7600457470 /* Sources */ = {
			isa = PBXSourcesBuildPhase;
			buildActionMask = 2147483647;
			files = (
				571E86A51FD3BB7600457470 /* CameraTests.swift in Sources */,
			);
			runOnlyForDeploymentPostprocessing = 0;
		};
		571E86A71FD3BB7600457470 /* Sources */ = {
			isa = PBXSourcesBuildPhase;
			buildActionMask = 2147483647;
			files = (
				571E86B01FD3BB7600457470 /* CameraUITests.swift in Sources */,
			);
			runOnlyForDeploymentPostprocessing = 0;
		};
/* End PBXSourcesBuildPhase section */

/* Begin PBXTargetDependency section */
		571E86A21FD3BB7600457470 /* PBXTargetDependency */ = {
			isa = PBXTargetDependency;
			target = 571E868B1FD3BB7600457470 /* Camera */;
			targetProxy = 571E86A11FD3BB7600457470 /* PBXContainerItemProxy */;
		};
		571E86AD1FD3BB7600457470 /* PBXTargetDependency */ = {
			isa = PBXTargetDependency;
			target = 571E868B1FD3BB7600457470 /* Camera */;
			targetProxy = 571E86AC1FD3BB7600457470 /* PBXContainerItemProxy */;
		};
/* End PBXTargetDependency section */

/* Begin PBXVariantGroup section */
		571E86931FD3BB7600457470 /* Main.storyboard */ = {
			isa = PBXVariantGroup;
			children = (
				571E86941FD3BB7600457470 /* Base */,
			);
			name = Main.storyboard;
			sourceTree = "<group>";
		};
		571E86981FD3BB7600457470 /* LaunchScreen.storyboard */ = {
			isa = PBXVariantGroup;
			children = (
				571E86991FD3BB7600457470 /* Base */,
			);
			name = LaunchScreen.storyboard;
			sourceTree = "<group>";
		};
/* End PBXVariantGroup section */

/* Begin XCBuildConfiguration section */
		571E86B21FD3BB7600457470 /* Debug */ = {
			isa = XCBuildConfiguration;
			buildSettings = {
				ALWAYS_SEARCH_USER_PATHS = NO;
				CLANG_ANALYZER_NONNULL = YES;
				CLANG_ANALYZER_NUMBER_OBJECT_CONVERSION = YES_AGGRESSIVE;
				CLANG_CXX_LANGUAGE_STANDARD = "gnu++14";
				CLANG_CXX_LIBRARY = "libc++";
				CLANG_ENABLE_MODULES = YES;
				CLANG_ENABLE_OBJC_ARC = YES;
				CLANG_WARN_BLOCK_CAPTURE_AUTORELEASING = YES;
				CLANG_WARN_BOOL_CONVERSION = YES;
				CLANG_WARN_COMMA = YES;
				CLANG_WARN_CONSTANT_CONVERSION = YES;
				CLANG_WARN_DIRECT_OBJC_ISA_USAGE = YES_ERROR;
				CLANG_WARN_DOCUMENTATION_COMMENTS = YES;
				CLANG_WARN_EMPTY_BODY = YES;
				CLANG_WARN_ENUM_CONVERSION = YES;
				CLANG_WARN_INFINITE_RECURSION = YES;
				CLANG_WARN_INT_CONVERSION = YES;
				CLANG_WARN_NON_LITERAL_NULL_CONVERSION = YES;
				CLANG_WARN_OBJC_LITERAL_CONVERSION = YES;
				CLANG_WARN_OBJC_ROOT_CLASS = YES_ERROR;
				CLANG_WARN_RANGE_LOOP_ANALYSIS = YES;
				CLANG_WARN_STRICT_PROTOTYPES = YES;
				CLANG_WARN_SUSPICIOUS_MOVE = YES;
				CLANG_WARN_UNGUARDED_AVAILABILITY = YES_AGGRESSIVE;
				CLANG_WARN_UNREACHABLE_CODE = YES;
				CLANG_WARN__DUPLICATE_METHOD_MATCH = YES;
				CODE_SIGN_IDENTITY = "iPhone Developer";
				COPY_PHASE_STRIP = NO;
				DEBUG_INFORMATION_FORMAT = dwarf;
				ENABLE_STRICT_OBJC_MSGSEND = YES;
				ENABLE_TESTABILITY = YES;
				GCC_C_LANGUAGE_STANDARD = gnu11;
				GCC_DYNAMIC_NO_PIC = NO;
				GCC_NO_COMMON_BLOCKS = YES;
				GCC_OPTIMIZATION_LEVEL = 0;
				GCC_PREPROCESSOR_DEFINITIONS = (
					"DEBUG=1",
					"$(inherited)",
				);
				GCC_WARN_64_TO_32_BIT_CONVERSION = YES;
				GCC_WARN_ABOUT_RETURN_TYPE = YES_ERROR;
				GCC_WARN_UNDECLARED_SELECTOR = YES;
				GCC_WARN_UNINITIALIZED_AUTOS = YES_AGGRESSIVE;
				GCC_WARN_UNUSED_FUNCTION = YES;
				GCC_WARN_UNUSED_VARIABLE = YES;
				IPHONEOS_DEPLOYMENT_TARGET = 11.2;
				MTL_ENABLE_DEBUG_INFO = YES;
				ONLY_ACTIVE_ARCH = YES;
				SDKROOT = iphoneos;
				SWIFT_ACTIVE_COMPILATION_CONDITIONS = DEBUG;
				SWIFT_OPTIMIZATION_LEVEL = "-Onone";
			};
			name = Debug;
		};
		571E86B31FD3BB7600457470 /* Release */ = {
			isa = XCBuildConfiguration;
			buildSettings = {
				ALWAYS_SEARCH_USER_PATHS = NO;
				CLANG_ANALYZER_NONNULL = YES;
				CLANG_ANALYZER_NUMBER_OBJECT_CONVERSION = YES_AGGRESSIVE;
				CLANG_CXX_LANGUAGE_STANDARD = "gnu++14";
				CLANG_CXX_LIBRARY = "libc++";
				CLANG_ENABLE_MODULES = YES;
				CLANG_ENABLE_OBJC_ARC = YES;
				CLANG_WARN_BLOCK_CAPTURE_AUTORELEASING = YES;
				CLANG_WARN_BOOL_CONVERSION = YES;
				CLANG_WARN_COMMA = YES;
				CLANG_WARN_CONSTANT_CONVERSION = YES;
				CLANG_WARN_DIRECT_OBJC_ISA_USAGE = YES_ERROR;
				CLANG_WARN_DOCUMENTATION_COMMENTS = YES;
				CLANG_WARN_EMPTY_BODY = YES;
				CLANG_WARN_ENUM_CONVERSION = YES;
				CLANG_WARN_INFINITE_RECURSION = YES;
				CLANG_WARN_INT_CONVERSION = YES;
				CLANG_WARN_NON_LITERAL_NULL_CONVERSION = YES;
				CLANG_WARN_OBJC_LITERAL_CONVERSION = YES;
				CLANG_WARN_OBJC_ROOT_CLASS = YES_ERROR;
				CLANG_WARN_RANGE_LOOP_ANALYSIS = YES;
				CLANG_WARN_STRICT_PROTOTYPES = YES;
				CLANG_WARN_SUSPICIOUS_MOVE = YES;
				CLANG_WARN_UNGUARDED_AVAILABILITY = YES_AGGRESSIVE;
				CLANG_WARN_UNREACHABLE_CODE = YES;
				CLANG_WARN__DUPLICATE_METHOD_MATCH = YES;
				CODE_SIGN_IDENTITY = "iPhone Developer";
				COPY_PHASE_STRIP = NO;
				DEBUG_INFORMATION_FORMAT = "dwarf-with-dsym";
				ENABLE_NS_ASSERTIONS = NO;
				ENABLE_STRICT_OBJC_MSGSEND = YES;
				GCC_C_LANGUAGE_STANDARD = gnu11;
				GCC_NO_COMMON_BLOCKS = YES;
				GCC_WARN_64_TO_32_BIT_CONVERSION = YES;
				GCC_WARN_ABOUT_RETURN_TYPE = YES_ERROR;
				GCC_WARN_UNDECLARED_SELECTOR = YES;
				GCC_WARN_UNINITIALIZED_AUTOS = YES_AGGRESSIVE;
				GCC_WARN_UNUSED_FUNCTION = YES;
				GCC_WARN_UNUSED_VARIABLE = YES;
				IPHONEOS_DEPLOYMENT_TARGET = 11.2;
				MTL_ENABLE_DEBUG_INFO = NO;
				SDKROOT = iphoneos;
				SWIFT_OPTIMIZATION_LEVEL = "-Owholemodule";
				VALIDATE_PRODUCT = YES;
			};
			name = Release;
		};
		571E86B51FD3BB7600457470 /* Debug */ = {
			isa = XCBuildConfiguration;
			buildSettings = {
				ASSETCATALOG_COMPILER_APPICON_NAME = AppIcon;
				CODE_SIGN_STYLE = Automatic;
				DEVELOPMENT_TEAM = ESY9U785K8;
				INFOPLIST_FILE = Camera/Info.plist;
				IPHONEOS_DEPLOYMENT_TARGET = 11.1;
				LD_RUNPATH_SEARCH_PATHS = "$(inherited) @executable_path/Frameworks";
				PRODUCT_BUNDLE_IDENTIFIER = "com.nikita-aplin.Camera";
				PRODUCT_NAME = "$(TARGET_NAME)";
				SWIFT_VERSION = 4.0;
				TARGETED_DEVICE_FAMILY = "1,2";
			};
			name = Debug;
		};
		571E86B61FD3BB7600457470 /* Release */ = {
			isa = XCBuildConfiguration;
			buildSettings = {
				ASSETCATALOG_COMPILER_APPICON_NAME = AppIcon;
				CODE_SIGN_STYLE = Automatic;
				DEVELOPMENT_TEAM = ESY9U785K8;
				INFOPLIST_FILE = Camera/Info.plist;
				IPHONEOS_DEPLOYMENT_TARGET = 11.1;
				LD_RUNPATH_SEARCH_PATHS = "$(inherited) @executable_path/Frameworks";
				PRODUCT_BUNDLE_IDENTIFIER = "com.nikita-aplin.Camera";
				PRODUCT_NAME = "$(TARGET_NAME)";
				SWIFT_VERSION = 4.0;
				TARGETED_DEVICE_FAMILY = "1,2";
			};
			name = Release;
		};
		571E86B81FD3BB7600457470 /* Debug */ = {
			isa = XCBuildConfiguration;
			buildSettings = {
				ALWAYS_EMBED_SWIFT_STANDARD_LIBRARIES = YES;
				BUNDLE_LOADER = "$(TEST_HOST)";
				CODE_SIGN_STYLE = Automatic;
				INFOPLIST_FILE = CameraTests/Info.plist;
				LD_RUNPATH_SEARCH_PATHS = "$(inherited) @executable_path/Frameworks @loader_path/Frameworks";
				PRODUCT_BUNDLE_IDENTIFIER = "com.nikita-aplin.CameraTests";
				PRODUCT_NAME = "$(TARGET_NAME)";
				SWIFT_VERSION = 4.0;
				TARGETED_DEVICE_FAMILY = "1,2";
				TEST_HOST = "$(BUILT_PRODUCTS_DIR)/Camera.app/Camera";
			};
			name = Debug;
		};
		571E86B91FD3BB7600457470 /* Release */ = {
			isa = XCBuildConfiguration;
			buildSettings = {
				ALWAYS_EMBED_SWIFT_STANDARD_LIBRARIES = YES;
				BUNDLE_LOADER = "$(TEST_HOST)";
				CODE_SIGN_STYLE = Automatic;
				INFOPLIST_FILE = CameraTests/Info.plist;
				LD_RUNPATH_SEARCH_PATHS = "$(inherited) @executable_path/Frameworks @loader_path/Frameworks";
				PRODUCT_BUNDLE_IDENTIFIER = "com.nikita-aplin.CameraTests";
				PRODUCT_NAME = "$(TARGET_NAME)";
				SWIFT_VERSION = 4.0;
				TARGETED_DEVICE_FAMILY = "1,2";
				TEST_HOST = "$(BUILT_PRODUCTS_DIR)/Camera.app/Camera";
			};
			name = Release;
		};
		571E86BB1FD3BB7600457470 /* Debug */ = {
			isa = XCBuildConfiguration;
			buildSettings = {
				ALWAYS_EMBED_SWIFT_STANDARD_LIBRARIES = YES;
				CODE_SIGN_STYLE = Automatic;
				INFOPLIST_FILE = CameraUITests/Info.plist;
				LD_RUNPATH_SEARCH_PATHS = "$(inherited) @executable_path/Frameworks @loader_path/Frameworks";
				PRODUCT_BUNDLE_IDENTIFIER = "com.nikita-aplin.CameraUITests";
				PRODUCT_NAME = "$(TARGET_NAME)";
				SWIFT_VERSION = 4.0;
				TARGETED_DEVICE_FAMILY = "1,2";
				TEST_TARGET_NAME = Camera;
			};
			name = Debug;
		};
		571E86BC1FD3BB7600457470 /* Release */ = {
			isa = XCBuildConfiguration;
			buildSettings = {
				ALWAYS_EMBED_SWIFT_STANDARD_LIBRARIES = YES;
				CODE_SIGN_STYLE = Automatic;
				INFOPLIST_FILE = CameraUITests/Info.plist;
				LD_RUNPATH_SEARCH_PATHS = "$(inherited) @executable_path/Frameworks @loader_path/Frameworks";
				PRODUCT_BUNDLE_IDENTIFIER = "com.nikita-aplin.CameraUITests";
				PRODUCT_NAME = "$(TARGET_NAME)";
				SWIFT_VERSION = 4.0;
				TARGETED_DEVICE_FAMILY = "1,2";
				TEST_TARGET_NAME = Camera;
			};
			name = Release;
		};
/* End XCBuildConfiguration section */

/* Begin XCConfigurationList section */
		571E86871FD3BB7600457470 /* Build configuration list for PBXProject "Camera" */ = {
			isa = XCConfigurationList;
			buildConfigurations = (
				571E86B21FD3BB7600457470 /* Debug */,
				571E86B31FD3BB7600457470 /* Release */,
			);
			defaultConfigurationIsVisible = 0;
			defaultConfigurationName = Release;
		};
		571E86B41FD3BB7600457470 /* Build configuration list for PBXNativeTarget "Camera" */ = {
			isa = XCConfigurationList;
			buildConfigurations = (
				571E86B51FD3BB7600457470 /* Debug */,
				571E86B61FD3BB7600457470 /* Release */,
			);
			defaultConfigurationIsVisible = 0;
			defaultConfigurationName = Release;
		};
		571E86B71FD3BB7600457470 /* Build configuration list for PBXNativeTarget "CameraTests" */ = {
			isa = XCConfigurationList;
			buildConfigurations = (
				571E86B81FD3BB7600457470 /* Debug */,
				571E86B91FD3BB7600457470 /* Release */,
			);
			defaultConfigurationIsVisible = 0;
			defaultConfigurationName = Release;
		};
		571E86BA1FD3BB7600457470 /* Build configuration list for PBXNativeTarget "CameraUITests" */ = {
			isa = XCConfigurationList;
			buildConfigurations = (
				571E86BB1FD3BB7600457470 /* Debug */,
				571E86BC1FD3BB7600457470 /* Release */,
			);
			defaultConfigurationIsVisible = 0;
			defaultConfigurationName = Release;
		};
/* End XCConfigurationList section */
	};
	rootObject = 571E86841FD3BB7600457470 /* Project object */;
}
